
Microsoft Visual Studio Solution File, Format Version 12.00
# Visual Studio Version 16
VisualStudioVersion = 16.0.30320.27
MinimumVisualStudioVersion = 10.0.40219.1
Project("{8BC9CEB8-8B4A-11D0-8D11-00A0C91BC942}") = "PETools", "PETools.vcxproj", "{7EB5267E-1E0F-4E3D-AC6E-03353A5BC932}"
EndProject
Project("{8BC9CEB8-8B4A-11D0-8D11-00A0C91BC942}") = "Shell", "Shell\Shell.vcxproj", "{F51ACB9F-8C9D-4309-BF9C-6274A8732414}"
EndProject
Global
	GlobalSection(SolutionConfigurationPlatforms) = preSolution
		Debug|x64 = Debug|x64
		Debug|x86 = Debug|x86
		Release|x64 = Release|x64
		Release|x86 = Release|x86
	EndGlobalSection
	GlobalSection(ProjectConfigurationPlatforms) = postSolution
		{7EB5267E-1E0F-4E3D-AC6E-03353A5BC932}.Debug|x64.ActiveCfg = Debug|x64
		{7EB5267E-1E0F-4E3D-AC6E-03353A5BC932}.Debug|x64.Build.0 = Debug|x64
		{7EB5267E-1E0F-4E3D-AC6E-03353A5BC932}.Debug|x86.ActiveCfg = Debug|Win32
		{7EB5267E-1E0F-4E3D-AC6E-03353A5BC932}.Debug|x86.Build.0 = Debug|Win32
		{7EB5267E-1E0F-4E3D-AC6E-03353A5BC932}.Release|x64.ActiveCfg = Release|x64
		{7EB5267E-1E0F-4E3D-AC6E-03353A5BC932}.Release|x64.Build.0 = Release|x64
		{7EB5267E-1E0F-4E3D-AC6E-03353A5BC932}.Release|x86.ActiveCfg = Release|Win32
		{7EB5267E-1E0F-4E3D-AC6E-03353A5BC932}.Release|x86.Build.0 = Release|Win32
		{F51ACB9F-8C9D-4309-BF9C-6274A8732414}.Debug|x64.ActiveCfg = Debug|x64
		{F51ACB9F-8C9D-4309-BF9C-6274A8732414}.Debug|x64.Build.0 = Debug|x64
		{F51ACB9F-8C9D-4309-BF9C-6274A8732414}.Debug|x86.ActiveCfg = Debug|Win32
		{F51ACB9F-8C9D-4309-BF9C-6274A8732414}.Debug|x86.Build.0 = Debug|Win32
		{F51ACB9F-8C9D-4309-BF9C-6274A8732414}.Release|x64.ActiveCfg = Release|x64
		{F51ACB9F-8C9D-4309-BF9C-6274A8732414}.Release|x64.Build.0 = Release|x64
		{F51ACB9F-8C9D-4309-BF9C-6274A8732414}.Release|x86.ActiveCfg = Release|Win32
		{F51ACB9F-8C9D-4309-BF9C-6274A8732414}.Release|x86.Build.0 = Release|Win32
	EndGlobalSection
	GlobalSection(SolutionProperties) = preSolution
		HideSolutionNode = FALSE
	EndGlobalSection
	GlobalSection(ExtensibilityGlobals) = postSolution
		SolutionGuid = {65AA21EA-07F0-475B-8D49-72BA56985AE9}
	EndGlobalSection
EndGlobal
